
Microsoft Visual Studio Solution File, Format Version 12.00
# Visual Studio 2012
Project("{FAE04EC0-301F-11D3-BF4B-00C04F79EFBC}") = "ARDUTIL64-2012", "ARDUTIL64-2012.csproj", "{A35262C5-6C9E-45E2-8B9D-EE23CFD64962}"
EndProject
Global
	GlobalSection(SolutionConfigurationPlatforms) = preSolution
		Debug|Any CPU = Debug|Any CPU
		Release|Any CPU = Release|Any CPU
	EndGlobalSection
	GlobalSection(ProjectConfigurationPlatforms) = postSolution
		{A35262C5-6C9E-45E2-8B9D-EE23CFD64962}.Debug|Any CPU.ActiveCfg = Debug|Any CPU
		{A35262C5-6C9E-45E2-8B9D-EE23CFD64962}.Debug|Any CPU.Build.0 = Debug|Any CPU
		{A35262C5-6C9E-45E2-8B9D-EE23CFD64962}.Release|Any CPU.ActiveCfg = Release|Any CPU
		{A35262C5-6C9E-45E2-8B9D-EE23CFD64962}.Release|Any CPU.Build.0 = Release|Any CPU
	EndGlobalSection
	GlobalSection(SolutionProperties) = preSolution
		HideSolutionNode = FALSE
	EndGlobalSection
EndGlobal
